
Microsoft Visual Studio Solution File, Format Version 11.00
# Visual Studio 2010
Project("{FAE04EC0-301F-11D3-BF4B-00C04F79EFBC}") = "DOES", "Assembly-CSharp-firstpass.csproj", "{0D06D612-AE4C-1D65-A7CF-C455AD933FFC}"
EndProject
Project("{FAE04EC0-301F-11D3-BF4B-00C04F79EFBC}") = "DOES", "Assembly-CSharp.csproj", "{11ADCFF4-0478-F2F0-EDFB-83BB6356BC0A}"
EndProject
Project("{FAE04EC0-301F-11D3-BF4B-00C04F79EFBC}") = "DOES", "Assembly-CSharp-Editor-firstpass.csproj", "{1C91902A-E3C0-9222-DF11-95A76A08987A}"
EndProject
Global
	GlobalSection(SolutionConfigurationPlatforms) = preSolution
		Debug|Any CPU = Debug|Any CPU
		Release|Any CPU = Release|Any CPU
	EndGlobalSection
	GlobalSection(ProjectConfigurationPlatforms) = postSolution
		{0D06D612-AE4C-1D65-A7CF-C455AD933FFC}.Debug|Any CPU.ActiveCfg = Debug|Any CPU
		{0D06D612-AE4C-1D65-A7CF-C455AD933FFC}.Debug|Any CPU.Build.0 = Debug|Any CPU
		{0D06D612-AE4C-1D65-A7CF-C455AD933FFC}.Release|Any CPU.ActiveCfg = Release|Any CPU
		{0D06D612-AE4C-1D65-A7CF-C455AD933FFC}.Release|Any CPU.Build.0 = Release|Any CPU
		{11ADCFF4-0478-F2F0-EDFB-83BB6356BC0A}.Debug|Any CPU.ActiveCfg = Debug|Any CPU
		{11ADCFF4-0478-F2F0-EDFB-83BB6356BC0A}.Debug|Any CPU.Build.0 = Debug|Any CPU
		{11ADCFF4-0478-F2F0-EDFB-83BB6356BC0A}.Release|Any CPU.ActiveCfg = Release|Any CPU
		{11ADCFF4-0478-F2F0-EDFB-83BB6356BC0A}.Release|Any CPU.Build.0 = Release|Any CPU
		{1C91902A-E3C0-9222-DF11-95A76A08987A}.Debug|Any CPU.ActiveCfg = Debug|Any CPU
		{1C91902A-E3C0-9222-DF11-95A76A08987A}.Debug|Any CPU.Build.0 = Debug|Any CPU
		{1C91902A-E3C0-9222-DF11-95A76A08987A}.Release|Any CPU.ActiveCfg = Release|Any CPU
		{1C91902A-E3C0-9222-DF11-95A76A08987A}.Release|Any CPU.Build.0 = Release|Any CPU
	EndGlobalSection
	GlobalSection(SolutionProperties) = preSolution
		HideSolutionNode = FALSE
	EndGlobalSection
	GlobalSection(MonoDevelopProperties) = preSolution
		StartupItem = Assembly-CSharp.csproj
	EndGlobalSection
EndGlobal
